
Microsoft Visual Studio Solution File, Format Version 12.00
# Visual Studio Version 17
VisualStudioVersion = 17.11.35312.102
MinimumVisualStudioVersion = 10.0.40219.1
Project("{9A19103F-16F7-4668-BE54-9A1E7A4F7556}") = "01_Initial", "01_Initial\01_Initial.csproj", "{351A40AD-EABB-4CE2-B342-33C8E5438AA6}"
EndProject
Project("{9A19103F-16F7-4668-BE54-9A1E7A4F7556}") = "02_Operators", "02_Operators\02_Operators.csproj", "{6090026E-9415-4C3A-A911-43C30DA9A7F6}"
EndProject
Project("{9A19103F-16F7-4668-BE54-9A1E7A4F7556}") = "03_Practice", "03_Practice\03_Practice.csproj", "{8142D8FD-26D6-48E3-AD66-EBF7DFFBC64B}"
EndProject
Project("{9A19103F-16F7-4668-BE54-9A1E7A4F7556}") = "04_Scope", "04_Scope\04_Scope.csproj", "{323CED92-000E-407E-9E08-08FD26200D2F}"
EndProject
Project("{FAE04EC0-301F-11D3-BF4B-00C04F79EFBC}") = "05_IF_ELSE", "05_IF_ELSE\05_IF_ELSE.csproj", "{6EE58D96-1D02-4167-97B2-25B9A8C9666E}"
EndProject
Project("{FAE04EC0-301F-11D3-BF4B-00C04F79EFBC}") = "07_While_Loop", "07_While_Loop\07_While_Loop.csproj", "{8360ECA3-0515-484D-9640-133F88451BDC}"
EndProject
Project("{FAE04EC0-301F-11D3-BF4B-00C04F79EFBC}") = "08_Arrays", "08_Arrays\08_Arrays.csproj", "{F00B08F4-3429-4F76-9208-FA9A6FF70E09}"
EndProject
Project("{FAE04EC0-301F-11D3-BF4B-00C04F79EFBC}") = "09_Function", "09_Function\09_Function.csproj", "{98F0B9DB-5BEB-46DF-8B5E-525EFC088B27}"
EndProject
Project("{FAE04EC0-301F-11D3-BF4B-00C04F79EFBC}") = "10_List", "10_List\10_List.csproj", "{0DF129A1-B23D-4E60-BC62-87C5804200E8}"
EndProject
Project("{FAE04EC0-301F-11D3-BF4B-00C04F79EFBC}") = "11_Best_Practice_Func_List", "11_Best_Practice_Func_List\11_Best_Practice_Func_List.csproj", "{B22C97FF-CC0E-469C-83F4-AEC2F07DDB87}"
EndProject
Project("{FAE04EC0-301F-11D3-BF4B-00C04F79EFBC}") = "12_Dictionary", "12_Dictionary\12_Dictionary.csproj", "{975F79BB-DD33-47B8-9DA4-D411A1C6F6C2}"
EndProject
Project("{FAE04EC0-301F-11D3-BF4B-00C04F79EFBC}") = "09_Metot_Overloading", "09_Metot_Overloading\09_Metot_Overloading.csproj", "{C7B0F10B-90B3-475E-8420-B7943309B814}"
EndProject
Project("{FAE04EC0-301F-11D3-BF4B-00C04F79EFBC}") = "13_Class", "13_Class\13_Class.csproj", "{FC1D9F26-6B5D-4F8C-9226-40196DF5A636}"
EndProject
Project("{FAE04EC0-301F-11D3-BF4B-00C04F79EFBC}") = "13_Class_Practice", "13_Class_Practice\13_Class_Practice.csproj", "{9C7DE80C-8D2A-40BD-9E70-2D4D8A9BA155}"
EndProject
Project("{FAE04EC0-301F-11D3-BF4B-00C04F79EFBC}") = "14_Linq_Query", "14_Linq_Query\14_Linq_Query.csproj", "{9D8ED328-0A69-4242-BE90-258F00A42B78}"
EndProject
Project("{FAE04EC0-301F-11D3-BF4B-00C04F79EFBC}") = "15_OOP", "15_OOP\15_OOP.csproj", "{790637D1-F209-4D61-B45F-D9A3B278B976}"
EndProject
Project("{FAE04EC0-301F-11D3-BF4B-00C04F79EFBC}") = "16_Inheritance", "16_Inheritance\16_Inheritance.csproj", "{BE88C948-C27B-433E-905C-B089972A7F2F}"
EndProject
Project("{FAE04EC0-301F-11D3-BF4B-00C04F79EFBC}") = "17_Method_Override", "17_Method_Override\17_Method_Override.csproj", "{DBB4F3E3-4118-4DC9-A1D0-FF302E9291D9}"
EndProject
Project("{FAE04EC0-301F-11D3-BF4B-00C04F79EFBC}") = "06_IF_ELSE_PRACTISE", "06_IF_ELSE_PRACTISE\06_IF_ELSE_PRACTISE.csproj", "{53FF7A9E-ED47-4A4E-87BC-93101498884B}"
EndProject
Project("{FAE04EC0-301F-11D3-BF4B-00C04F79EFBC}") = "18_Constructor_Method", "18_Constructor_Method\18_Constructor_Method.csproj", "{26A0D4BA-20BF-4DA9-9444-98EC67BE7E10}"
EndProject
Project("{FAE04EC0-301F-11D3-BF4B-00C04F79EFBC}") = "19_Encapsulation", "19_Encapsulation\19_Encapsulation.csproj", "{6181E4AC-DDA4-4A3D-B8A8-466D4EE31AEB}"
EndProject
Global
	GlobalSection(SolutionConfigurationPlatforms) = preSolution
		Debug|Any CPU = Debug|Any CPU
		Release|Any CPU = Release|Any CPU
	EndGlobalSection
	GlobalSection(ProjectConfigurationPlatforms) = postSolution
		{351A40AD-EABB-4CE2-B342-33C8E5438AA6}.Debug|Any CPU.ActiveCfg = Debug|Any CPU
		{351A40AD-EABB-4CE2-B342-33C8E5438AA6}.Debug|Any CPU.Build.0 = Debug|Any CPU
		{351A40AD-EABB-4CE2-B342-33C8E5438AA6}.Release|Any CPU.ActiveCfg = Release|Any CPU
		{351A40AD-EABB-4CE2-B342-33C8E5438AA6}.Release|Any CPU.Build.0 = Release|Any CPU
		{6090026E-9415-4C3A-A911-43C30DA9A7F6}.Debug|Any CPU.ActiveCfg = Debug|Any CPU
		{6090026E-9415-4C3A-A911-43C30DA9A7F6}.Debug|Any CPU.Build.0 = Debug|Any CPU
		{6090026E-9415-4C3A-A911-43C30DA9A7F6}.Release|Any CPU.ActiveCfg = Release|Any CPU
		{6090026E-9415-4C3A-A911-43C30DA9A7F6}.Release|Any CPU.Build.0 = Release|Any CPU
		{8142D8FD-26D6-48E3-AD66-EBF7DFFBC64B}.Debug|Any CPU.ActiveCfg = Debug|Any CPU
		{8142D8FD-26D6-48E3-AD66-EBF7DFFBC64B}.Debug|Any CPU.Build.0 = Debug|Any CPU
		{8142D8FD-26D6-48E3-AD66-EBF7DFFBC64B}.Release|Any CPU.ActiveCfg = Release|Any CPU
		{8142D8FD-26D6-48E3-AD66-EBF7DFFBC64B}.Release|Any CPU.Build.0 = Release|Any CPU
		{323CED92-000E-407E-9E08-08FD26200D2F}.Debug|Any CPU.ActiveCfg = Debug|Any CPU
		{323CED92-000E-407E-9E08-08FD26200D2F}.Debug|Any CPU.Build.0 = Debug|Any CPU
		{323CED92-000E-407E-9E08-08FD26200D2F}.Release|Any CPU.ActiveCfg = Release|Any CPU
		{323CED92-000E-407E-9E08-08FD26200D2F}.Release|Any CPU.Build.0 = Release|Any CPU
		{6EE58D96-1D02-4167-97B2-25B9A8C9666E}.Debug|Any CPU.ActiveCfg = Debug|Any CPU
		{6EE58D96-1D02-4167-97B2-25B9A8C9666E}.Debug|Any CPU.Build.0 = Debug|Any CPU
		{6EE58D96-1D02-4167-97B2-25B9A8C9666E}.Release|Any CPU.ActiveCfg = Release|Any CPU
		{6EE58D96-1D02-4167-97B2-25B9A8C9666E}.Release|Any CPU.Build.0 = Release|Any CPU
		{8360ECA3-0515-484D-9640-133F88451BDC}.Debug|Any CPU.ActiveCfg = Debug|Any CPU
		{8360ECA3-0515-484D-9640-133F88451BDC}.Debug|Any CPU.Build.0 = Debug|Any CPU
		{8360ECA3-0515-484D-9640-133F88451BDC}.Release|Any CPU.ActiveCfg = Release|Any CPU
		{8360ECA3-0515-484D-9640-133F88451BDC}.Release|Any CPU.Build.0 = Release|Any CPU
		{F00B08F4-3429-4F76-9208-FA9A6FF70E09}.Debug|Any CPU.ActiveCfg = Debug|Any CPU
		{F00B08F4-3429-4F76-9208-FA9A6FF70E09}.Debug|Any CPU.Build.0 = Debug|Any CPU
		{F00B08F4-3429-4F76-9208-FA9A6FF70E09}.Release|Any CPU.ActiveCfg = Release|Any CPU
		{F00B08F4-3429-4F76-9208-FA9A6FF70E09}.Release|Any CPU.Build.0 = Release|Any CPU
		{98F0B9DB-5BEB-46DF-8B5E-525EFC088B27}.Debug|Any CPU.ActiveCfg = Debug|Any CPU
		{98F0B9DB-5BEB-46DF-8B5E-525EFC088B27}.Debug|Any CPU.Build.0 = Debug|Any CPU
		{98F0B9DB-5BEB-46DF-8B5E-525EFC088B27}.Release|Any CPU.ActiveCfg = Release|Any CPU
		{98F0B9DB-5BEB-46DF-8B5E-525EFC088B27}.Release|Any CPU.Build.0 = Release|Any CPU
		{0DF129A1-B23D-4E60-BC62-87C5804200E8}.Debug|Any CPU.ActiveCfg = Debug|Any CPU
		{0DF129A1-B23D-4E60-BC62-87C5804200E8}.Debug|Any CPU.Build.0 = Debug|Any CPU
		{0DF129A1-B23D-4E60-BC62-87C5804200E8}.Release|Any CPU.ActiveCfg = Release|Any CPU
		{0DF129A1-B23D-4E60-BC62-87C5804200E8}.Release|Any CPU.Build.0 = Release|Any CPU
		{B22C97FF-CC0E-469C-83F4-AEC2F07DDB87}.Debug|Any CPU.ActiveCfg = Debug|Any CPU
		{B22C97FF-CC0E-469C-83F4-AEC2F07DDB87}.Debug|Any CPU.Build.0 = Debug|Any CPU
		{B22C97FF-CC0E-469C-83F4-AEC2F07DDB87}.Release|Any CPU.ActiveCfg = Release|Any CPU
		{B22C97FF-CC0E-469C-83F4-AEC2F07DDB87}.Release|Any CPU.Build.0 = Release|Any CPU
		{975F79BB-DD33-47B8-9DA4-D411A1C6F6C2}.Debug|Any CPU.ActiveCfg = Debug|Any CPU
		{975F79BB-DD33-47B8-9DA4-D411A1C6F6C2}.Debug|Any CPU.Build.0 = Debug|Any CPU
		{975F79BB-DD33-47B8-9DA4-D411A1C6F6C2}.Release|Any CPU.ActiveCfg = Release|Any CPU
		{975F79BB-DD33-47B8-9DA4-D411A1C6F6C2}.Release|Any CPU.Build.0 = Release|Any CPU
		{C7B0F10B-90B3-475E-8420-B7943309B814}.Debug|Any CPU.ActiveCfg = Debug|Any CPU
		{C7B0F10B-90B3-475E-8420-B7943309B814}.Debug|Any CPU.Build.0 = Debug|Any CPU
		{C7B0F10B-90B3-475E-8420-B7943309B814}.Release|Any CPU.ActiveCfg = Release|Any CPU
		{C7B0F10B-90B3-475E-8420-B7943309B814}.Release|Any CPU.Build.0 = Release|Any CPU
		{FC1D9F26-6B5D-4F8C-9226-40196DF5A636}.Debug|Any CPU.ActiveCfg = Debug|Any CPU
		{FC1D9F26-6B5D-4F8C-9226-40196DF5A636}.Debug|Any CPU.Build.0 = Debug|Any CPU
		{FC1D9F26-6B5D-4F8C-9226-40196DF5A636}.Release|Any CPU.ActiveCfg = Release|Any CPU
		{FC1D9F26-6B5D-4F8C-9226-40196DF5A636}.Release|Any CPU.Build.0 = Release|Any CPU
		{9C7DE80C-8D2A-40BD-9E70-2D4D8A9BA155}.Debug|Any CPU.ActiveCfg = Debug|Any CPU
		{9C7DE80C-8D2A-40BD-9E70-2D4D8A9BA155}.Debug|Any CPU.Build.0 = Debug|Any CPU
		{9C7DE80C-8D2A-40BD-9E70-2D4D8A9BA155}.Release|Any CPU.ActiveCfg = Release|Any CPU
		{9C7DE80C-8D2A-40BD-9E70-2D4D8A9BA155}.Release|Any CPU.Build.0 = Release|Any CPU
		{9D8ED328-0A69-4242-BE90-258F00A42B78}.Debug|Any CPU.ActiveCfg = Debug|Any CPU
		{9D8ED328-0A69-4242-BE90-258F00A42B78}.Debug|Any CPU.Build.0 = Debug|Any CPU
		{9D8ED328-0A69-4242-BE90-258F00A42B78}.Release|Any CPU.ActiveCfg = Release|Any CPU
		{9D8ED328-0A69-4242-BE90-258F00A42B78}.Release|Any CPU.Build.0 = Release|Any CPU
		{790637D1-F209-4D61-B45F-D9A3B278B976}.Debug|Any CPU.ActiveCfg = Debug|Any CPU
		{790637D1-F209-4D61-B45F-D9A3B278B976}.Debug|Any CPU.Build.0 = Debug|Any CPU
		{790637D1-F209-4D61-B45F-D9A3B278B976}.Release|Any CPU.ActiveCfg = Release|Any CPU
		{790637D1-F209-4D61-B45F-D9A3B278B976}.Release|Any CPU.Build.0 = Release|Any CPU
		{BE88C948-C27B-433E-905C-B089972A7F2F}.Debug|Any CPU.ActiveCfg = Debug|Any CPU
		{BE88C948-C27B-433E-905C-B089972A7F2F}.Debug|Any CPU.Build.0 = Debug|Any CPU
		{BE88C948-C27B-433E-905C-B089972A7F2F}.Release|Any CPU.ActiveCfg = Release|Any CPU
		{BE88C948-C27B-433E-905C-B089972A7F2F}.Release|Any CPU.Build.0 = Release|Any CPU
		{DBB4F3E3-4118-4DC9-A1D0-FF302E9291D9}.Debug|Any CPU.ActiveCfg = Debug|Any CPU
		{DBB4F3E3-4118-4DC9-A1D0-FF302E9291D9}.Debug|Any CPU.Build.0 = Debug|Any CPU
		{DBB4F3E3-4118-4DC9-A1D0-FF302E9291D9}.Release|Any CPU.ActiveCfg = Release|Any CPU
		{DBB4F3E3-4118-4DC9-A1D0-FF302E9291D9}.Release|Any CPU.Build.0 = Release|Any CPU
		{53FF7A9E-ED47-4A4E-87BC-93101498884B}.Debug|Any CPU.ActiveCfg = Debug|Any CPU
		{53FF7A9E-ED47-4A4E-87BC-93101498884B}.Debug|Any CPU.Build.0 = Debug|Any CPU
		{53FF7A9E-ED47-4A4E-87BC-93101498884B}.Release|Any CPU.ActiveCfg = Release|Any CPU
		{53FF7A9E-ED47-4A4E-87BC-93101498884B}.Release|Any CPU.Build.0 = Release|Any CPU
		{26A0D4BA-20BF-4DA9-9444-98EC67BE7E10}.Debug|Any CPU.ActiveCfg = Debug|Any CPU
		{26A0D4BA-20BF-4DA9-9444-98EC67BE7E10}.Debug|Any CPU.Build.0 = Debug|Any CPU
		{26A0D4BA-20BF-4DA9-9444-98EC67BE7E10}.Release|Any CPU.ActiveCfg = Release|Any CPU
		{26A0D4BA-20BF-4DA9-9444-98EC67BE7E10}.Release|Any CPU.Build.0 = Release|Any CPU
		{6181E4AC-DDA4-4A3D-B8A8-466D4EE31AEB}.Debug|Any CPU.ActiveCfg = Debug|Any CPU
		{6181E4AC-DDA4-4A3D-B8A8-466D4EE31AEB}.Debug|Any CPU.Build.0 = Debug|Any CPU
		{6181E4AC-DDA4-4A3D-B8A8-466D4EE31AEB}.Release|Any CPU.ActiveCfg = Release|Any CPU
		{6181E4AC-DDA4-4A3D-B8A8-466D4EE31AEB}.Release|Any CPU.Build.0 = Release|Any CPU
	EndGlobalSection
	GlobalSection(SolutionProperties) = preSolution
		HideSolutionNode = FALSE
	EndGlobalSection
	GlobalSection(ExtensibilityGlobals) = postSolution
		SolutionGuid = {02DDD1E9-7B81-4140-8E17-189F73E2A2C6}
	EndGlobalSection
EndGlobal
