
Microsoft Visual Studio Solution File, Format Version 12.00
Project("{FAE04EC0-301F-11D3-BF4B-00C04F79EFBC}") = "00_Web_Api", "00_Web_Api\00_Web_Api.csproj", "{D10EC0BF-08DD-46B7-ACF7-80FE77520FA9}"
EndProject
Global
	GlobalSection(SolutionConfigurationPlatforms) = preSolution
		Debug|Any CPU = Debug|Any CPU
		Release|Any CPU = Release|Any CPU
	EndGlobalSection
	GlobalSection(ProjectConfigurationPlatforms) = postSolution
		{D10EC0BF-08DD-46B7-ACF7-80FE77520FA9}.Debug|Any CPU.ActiveCfg = Debug|Any CPU
		{D10EC0BF-08DD-46B7-ACF7-80FE77520FA9}.Debug|Any CPU.Build.0 = Debug|Any CPU
		{D10EC0BF-08DD-46B7-ACF7-80FE77520FA9}.Release|Any CPU.ActiveCfg = Release|Any CPU
		{D10EC0BF-08DD-46B7-ACF7-80FE77520FA9}.Release|Any CPU.Build.0 = Release|Any CPU
	EndGlobalSection
EndGlobal
